
Microsoft Visual Studio Solution File, Format Version 12.00
# Visual Studio Version 17
VisualStudioVersion = 17.9.34902.65
MinimumVisualStudioVersion = 10.0.40219.1
Project("{FAE04EC0-301F-11D3-BF4B-00C04F79EFBC}") = "Wsa2023Project4Api", "Wsa2023Project4Api\Wsa2023Project4Api.csproj", "{BAC7CC1D-D32C-4020-BA01-12269990AF86}"
EndProject
Global
	GlobalSection(SolutionConfigurationPlatforms) = preSolution
		Debug|Any CPU = Debug|Any CPU
		Release|Any CPU = Release|Any CPU
	EndGlobalSection
	GlobalSection(ProjectConfigurationPlatforms) = postSolution
		{BAC7CC1D-D32C-4020-BA01-12269990AF86}.Debug|Any CPU.ActiveCfg = Debug|Any CPU
		{BAC7CC1D-D32C-4020-BA01-12269990AF86}.Debug|Any CPU.Build.0 = Debug|Any CPU
		{BAC7CC1D-D32C-4020-BA01-12269990AF86}.Release|Any CPU.ActiveCfg = Release|Any CPU
		{BAC7CC1D-D32C-4020-BA01-12269990AF86}.Release|Any CPU.Build.0 = Release|Any CPU
	EndGlobalSection
	GlobalSection(SolutionProperties) = preSolution
		HideSolutionNode = FALSE
	EndGlobalSection
	GlobalSection(ExtensibilityGlobals) = postSolution
		SolutionGuid = {48CB575F-B5CA-42D8-A841-0C82235AC187}
	EndGlobalSection
EndGlobal
